
Microsoft Visual Studio Solution File, Format Version 12.00
# Visual Studio Express 2012 for Windows Desktop
Project("{FAE04EC0-301F-11D3-BF4B-00C04F79EFBC}") = "PrintTest4", "PrintTest4\PrintTest4.csproj", "{3890267A-8BC3-4B68-91C1-4F45DF170393}"
EndProject
Global
	GlobalSection(SolutionConfigurationPlatforms) = preSolution
		Debug|Any CPU = Debug|Any CPU
		Release|Any CPU = Release|Any CPU
	EndGlobalSection
	GlobalSection(ProjectConfigurationPlatforms) = postSolution
		{3890267A-8BC3-4B68-91C1-4F45DF170393}.Debug|Any CPU.ActiveCfg = Debug|Any CPU
		{3890267A-8BC3-4B68-91C1-4F45DF170393}.Debug|Any CPU.Build.0 = Debug|Any CPU
		{3890267A-8BC3-4B68-91C1-4F45DF170393}.Release|Any CPU.ActiveCfg = Release|Any CPU
		{3890267A-8BC3-4B68-91C1-4F45DF170393}.Release|Any CPU.Build.0 = Release|Any CPU
	EndGlobalSection
	GlobalSection(SolutionProperties) = preSolution
		HideSolutionNode = FALSE
	EndGlobalSection
EndGlobal
